
Microsoft Visual Studio Solution File, Format Version 12.00
# Visual Studio 15
VisualStudioVersion = 15.0.28307.421
MinimumVisualStudioVersion = 10.0.40219.1
Project("{FAE04EC0-301F-11D3-BF4B-00C04F79EFBC}") = "GameLabirinth", "GameLabirinth\GameLabirinth.csproj", "{DABE55BD-7491-444F-BFAD-97E6119BC09A}"
EndProject
Global
	GlobalSection(SolutionConfigurationPlatforms) = preSolution
		Debug|Any CPU = Debug|Any CPU
		Release|Any CPU = Release|Any CPU
	EndGlobalSection
	GlobalSection(ProjectConfigurationPlatforms) = postSolution
		{DABE55BD-7491-444F-BFAD-97E6119BC09A}.Debug|Any CPU.ActiveCfg = Debug|Any CPU
		{DABE55BD-7491-444F-BFAD-97E6119BC09A}.Debug|Any CPU.Build.0 = Debug|Any CPU
		{DABE55BD-7491-444F-BFAD-97E6119BC09A}.Release|Any CPU.ActiveCfg = Release|Any CPU
		{DABE55BD-7491-444F-BFAD-97E6119BC09A}.Release|Any CPU.Build.0 = Release|Any CPU
	EndGlobalSection
	GlobalSection(SolutionProperties) = preSolution
		HideSolutionNode = FALSE
	EndGlobalSection
	GlobalSection(ExtensibilityGlobals) = postSolution
		SolutionGuid = {84D5785E-7A95-47E5-A295-4D7B6189A362}
	EndGlobalSection
EndGlobal
